
Microsoft Visual Studio Solution File, Format Version 12.00
# Visual Studio Version 16
VisualStudioVersion = 16.0.29411.108
MinimumVisualStudioVersion = 10.0.40219.1
Project("{FAE04EC0-301F-11D3-BF4B-00C04F79EFBC}") = "mvcBlog", "mvcBlog\mvcBlog.csproj", "{2EEEF35F-C115-4B40-A47A-7C49767A1397}"
EndProject
Global
	GlobalSection(SolutionConfigurationPlatforms) = preSolution
		Debug|Any CPU = Debug|Any CPU
		Release|Any CPU = Release|Any CPU
	EndGlobalSection
	GlobalSection(ProjectConfigurationPlatforms) = postSolution
		{2EEEF35F-C115-4B40-A47A-7C49767A1397}.Debug|Any CPU.ActiveCfg = Debug|Any CPU
		{2EEEF35F-C115-4B40-A47A-7C49767A1397}.Debug|Any CPU.Build.0 = Debug|Any CPU
		{2EEEF35F-C115-4B40-A47A-7C49767A1397}.Release|Any CPU.ActiveCfg = Release|Any CPU
		{2EEEF35F-C115-4B40-A47A-7C49767A1397}.Release|Any CPU.Build.0 = Release|Any CPU
	EndGlobalSection
	GlobalSection(SolutionProperties) = preSolution
		HideSolutionNode = FALSE
	EndGlobalSection
	GlobalSection(ExtensibilityGlobals) = postSolution
		SolutionGuid = {4CB1802B-E959-49EF-AD41-CE50043D5B57}
	EndGlobalSection
EndGlobal
